# This file is generated by running "yarn install" inside your project.
# Manual changes might be lost - proceed with caution!

__metadata:
  version: 8
  cacheKey: 10c0

"@korabench/benchmark@workspace:.":
  version: 0.0.0-use.local
  resolution: "@korabench/benchmark@workspace:."
  dependencies:
    "@korabench/core": "npm:^1.0.4"
    "@types/node": "npm:^25.2.0"
    "@types/uuid": "npm:^11.0.0"
    "@valibot/to-json-schema": "npm:^1.5.0"
    jsonc-parser: "npm:^3.3.1"
    openai: "npm:^6.17.0"
    p-queue: "npm:^9.1.0"
    remeda: "npm:^2.33.4"
    uuid: "npm:^13.0.0"
    valibot: "npm:^1.2.0"
  languageName: unknown
  linkType: soft

"@korabench/core@npm:^1.0.4":
  version: 1.0.4
  resolution: "@korabench/core@npm:1.0.4"
  dependencies:
    tslib: "npm:^2.8.1"
    valibot: "npm:^1.2.0"
  checksum: 10c0/abc8413168de8cceea2fd175fd99f0908e4c953e2302bd899ba1ff4d09ad2392bda5eef81419e8820ea75e3ced0c08fd42b9f0376c4c6070b860597198aa5bfd
  languageName: node
  linkType: hard

"@types/node@npm:^25.2.0":
  version: 25.2.0
  resolution: "@types/node@npm:25.2.0"
  dependencies:
    undici-types: "npm:~7.16.0"
  checksum: 10c0/89559ea0de5c8c2da051b384f2cd3161012446816e05d18841838f814e57eb1865f000622e903f08d14f5242736063ed4003a4a359730fdd367e35e2122a8fce
  languageName: node
  linkType: hard

"@types/uuid@npm:^11.0.0":
  version: 11.0.0
  resolution: "@types/uuid@npm:11.0.0"
  dependencies:
    uuid: "npm:*"
  checksum: 10c0/6ebf1448d8fdc78d348a8a84389b74083f2f58bed75a5a6cf3be8419d33dcf757735c8b2de746b066ff8ef07f4384d02549774dc84195ffa46b24745471e9d8e
  languageName: node
  linkType: hard

"@valibot/to-json-schema@npm:^1.5.0":
  version: 1.5.0
  resolution: "@valibot/to-json-schema@npm:1.5.0"
  peerDependencies:
    valibot: ^1.2.0
  checksum: 10c0/d06aa771eda520c0e4b798f080181091e723c991b925947e7565bd5af2a0f1452bd63e491aa2afd9e76c9ae6930f26554af319bd0e7ba421b759558d8161ff91
  languageName: node
  linkType: hard

"eventemitter3@npm:^5.0.1":
  version: 5.0.4
  resolution: "eventemitter3@npm:5.0.4"
  checksum: 10c0/575b8cac8d709e1473da46f8f15ef311b57ff7609445a7c71af5cd42598583eee6f098fa7a593e30f27e94b8865642baa0689e8fa97c016f742abdb3b1bf6d9a
  languageName: node
  linkType: hard

"jsonc-parser@npm:^3.3.1":
  version: 3.3.1
  resolution: "jsonc-parser@npm:3.3.1"
  checksum: 10c0/269c3ae0a0e4f907a914bf334306c384aabb9929bd8c99f909275ebd5c2d3bc70b9bcd119ad794f339dec9f24b6a4ee9cd5a8ab2e6435e730ad4075388fc2ab6
  languageName: node
  linkType: hard

"openai@npm:^6.17.0":
  version: 6.17.0
  resolution: "openai@npm:6.17.0"
  peerDependencies:
    ws: ^8.18.0
    zod: ^3.25 || ^4.0
  peerDependenciesMeta:
    ws:
      optional: true
    zod:
      optional: true
  bin:
    openai: bin/cli
  checksum: 10c0/7671a9656082504c74fe67b498e88ed1dd6310b20147a6cd8dbc1d6a4b28ec1ba256b0b7032f32ee078043e339683f5d17a449c46ebdd5f40fbcc8fe340bbbf9
  languageName: node
  linkType: hard

"p-queue@npm:^9.1.0":
  version: 9.1.0
  resolution: "p-queue@npm:9.1.0"
  dependencies:
    eventemitter3: "npm:^5.0.1"
    p-timeout: "npm:^7.0.0"
  checksum: 10c0/f6bb4644997c20cbbf68c0c88208283697c6c9b1e1879f2073791b1ffcb2d2eb0a9fe35c9631e0c74bd6562ef159b87b418d48df7e7b30e5ddb4d99055bb5c92
  languageName: node
  linkType: hard

"p-timeout@npm:^7.0.0":
  version: 7.0.1
  resolution: "p-timeout@npm:7.0.1"
  checksum: 10c0/87d96529d1096d506607218dba6f9ec077c6dbedd0c2e2788c748e33bcd05faae8a81009fd9d22ec0b3c95fc83f4717306baba223f6e464737d8b99294c3e863
  languageName: node
  linkType: hard

"remeda@npm:^2.33.4":
  version: 2.33.4
  resolution: "remeda@npm:2.33.4"
  checksum: 10c0/6597e47e42a110347349003ae95f926d8e0a34345111e9f25042415964106c31efba519f44ddeb8abc1ef4fe3e4d4c72e3220424eb72366de6c51e42d7b7c331
  languageName: node
  linkType: hard

"tslib@npm:^2.8.1":
  version: 2.8.1
  resolution: "tslib@npm:2.8.1"
  checksum: 10c0/9c4759110a19c53f992d9aae23aac5ced636e99887b51b9e61def52611732872ff7668757d4e4c61f19691e36f4da981cd9485e869b4a7408d689f6bf1f14e62
  languageName: node
  linkType: hard

"undici-types@npm:~7.16.0":
  version: 7.16.0
  resolution: "undici-types@npm:7.16.0"
  checksum: 10c0/3033e2f2b5c9f1504bdc5934646cb54e37ecaca0f9249c983f7b1fc2e87c6d18399ebb05dc7fd5419e02b2e915f734d872a65da2e3eeed1813951c427d33cc9a
  languageName: node
  linkType: hard

"uuid@npm:*, uuid@npm:^13.0.0":
  version: 13.0.0
  resolution: "uuid@npm:13.0.0"
  bin:
    uuid: dist-node/bin/uuid
  checksum: 10c0/950e4c18d57fef6c69675344f5700a08af21e26b9eff2bf2180427564297368c538ea11ac9fb2e6528b17fc3966a9fd2c5049361b0b63c7d654f3c550c9b3d67
  languageName: node
  linkType: hard

"valibot@npm:^1.2.0":
  version: 1.2.0
  resolution: "valibot@npm:1.2.0"
  peerDependencies:
    typescript: ">=5"
  peerDependenciesMeta:
    typescript:
      optional: true
  checksum: 10c0/e6897ed2008fc900380a6ce39b62bc5fca45fd5e070f70571c6380ede3ba026d0b7016230215d87f7f3d672a28dbde5a0522d39830b493fdc3dccd1a59ef4ee6
  languageName: node
  linkType: hard
